{
  "lockfileVersion": 1,
  "configVersion": 0,
  "workspaces": {
    "": {
      "name": "ink-uni-mouse",
      "devDependencies": {
        "@biomejs/biome": "^2.3.7",
        "@types/bun": "latest",
        "dprint": "^0.50.2",
        "lefthook": "^2.0.4",
        "typescript": "^5",
      },
    },
  },
  "packages": {
    "@biomejs/biome": ["@biomejs/biome@2.3.7", "", { "optionalDependencies": { "@biomejs/cli-darwin-arm64": "2.3.7", "@biomejs/cli-darwin-x64": "2.3.7", "@biomejs/cli-linux-arm64": "2.3.7", "@biomejs/cli-linux-arm64-musl": "2.3.7", "@biomejs/cli-linux-x64": "2.3.7", "@biomejs/cli-linux-x64-musl": "2.3.7", "@biomejs/cli-win32-arm64": "2.3.7", "@biomejs/cli-win32-x64": "2.3.7" }, "bin": { "biome": "bin/biome" } }, "sha512-CTbAS/jNAiUc6rcq94BrTB8z83O9+BsgWj2sBCQg9rD6Wkh2gjfR87usjx0Ncx0zGXP1NKgT7JNglay5Zfs9jw=="],

    "@biomejs/cli-darwin-arm64": ["@biomejs/cli-darwin-arm64@2.3.7", "", { "os": "darwin", "cpu": "arm64" }, "sha512-LirkamEwzIUULhXcf2D5b+NatXKeqhOwilM+5eRkbrnr6daKz9rsBL0kNZ16Hcy4b8RFq22SG4tcLwM+yx/wFA=="],

    "@biomejs/cli-darwin-x64": ["@biomejs/cli-darwin-x64@2.3.7", "", { "os": "darwin", "cpu": "x64" }, "sha512-Q4TO633kvrMQkKIV7wmf8HXwF0dhdTD9S458LGE24TYgBjSRbuhvio4D5eOQzirEYg6eqxfs53ga/rbdd8nBKg=="],

    "@biomejs/cli-linux-arm64": ["@biomejs/cli-linux-arm64@2.3.7", "", { "os": "linux", "cpu": "arm64" }, "sha512-inHOTdlstUBzgjDcx0ge71U4SVTbwAljmkfi3MC5WzsYCRhancqfeL+sa4Ke6v2ND53WIwCFD5hGsYExoI3EZQ=="],

    "@biomejs/cli-linux-arm64-musl": ["@biomejs/cli-linux-arm64-musl@2.3.7", "", { "os": "linux", "cpu": "arm64" }, "sha512-/afy8lto4CB8scWfMdt+NoCZtatBUF62Tk3ilWH2w8ENd5spLhM77zKlFZEvsKJv9AFNHknMl03zO67CiklL2Q=="],

    "@biomejs/cli-linux-x64": ["@biomejs/cli-linux-x64@2.3.7", "", { "os": "linux", "cpu": "x64" }, "sha512-fJMc3ZEuo/NaMYo5rvoWjdSS5/uVSW+HPRQujucpZqm2ZCq71b8MKJ9U4th9yrv2L5+5NjPF0nqqILCl8HY/fg=="],

    "@biomejs/cli-linux-x64-musl": ["@biomejs/cli-linux-x64-musl@2.3.7", "", { "os": "linux", "cpu": "x64" }, "sha512-CQUtgH1tIN6e5wiYSJqzSwJumHYolNtaj1dwZGCnZXm2PZU1jOJof9TsyiP3bXNDb+VOR7oo7ZvY01If0W3iFQ=="],

    "@biomejs/cli-win32-arm64": ["@biomejs/cli-win32-arm64@2.3.7", "", { "os": "win32", "cpu": "arm64" }, "sha512-aJAE8eCNyRpcfx2JJAtsPtISnELJ0H4xVVSwnxm13bzI8RwbXMyVtxy2r5DV1xT3WiSP+7LxORcApWw0LM8HiA=="],

    "@biomejs/cli-win32-x64": ["@biomejs/cli-win32-x64@2.3.7", "", { "os": "win32", "cpu": "x64" }, "sha512-pulzUshqv9Ed//MiE8MOUeeEkbkSHVDVY5Cz5wVAnH1DUqliCQG3j6s1POaITTFqFfo7AVIx2sWdKpx/GS+Nqw=="],

    "@dprint/darwin-arm64": ["@dprint/darwin-arm64@0.50.2", "", { "os": "darwin", "cpu": "arm64" }, "sha512-4d08INZlTxbPW9LK9W8+93viN543/qA2Kxn4azVnPW/xCb2Im03UqJBz8mMm3nJZdtNnK3uTVG3ib1VW+XJisw=="],

    "@dprint/darwin-x64": ["@dprint/darwin-x64@0.50.2", "", { "os": "darwin", "cpu": "x64" }, "sha512-ZXWPBwdLojhdBATq+bKwJvB7D8bIzrD6eR/Xuq9UYE7evQazUiR069d9NPF0iVuzTo6wNf9ub9SXI7qDl11EGA=="],

    "@dprint/linux-arm64-glibc": ["@dprint/linux-arm64-glibc@0.50.2", "", { "os": "linux", "cpu": "arm64" }, "sha512-marxQzRw8atXAnaawwZHeeUaaAVewrGTlFKKcDASGyjPBhc23J5fHPUPremm8xCbgYZyTlokzrV8/1rDRWhJcw=="],

    "@dprint/linux-arm64-musl": ["@dprint/linux-arm64-musl@0.50.2", "", { "os": "linux", "cpu": "arm64" }, "sha512-oGDq44ydzo0ZkJk6RHcUzUN5sOMT5HC6WA8kHXI6tkAsLUkaLO2DzZFfW4aAYZUn+hYNpQfQD8iGew0sjkyLyg=="],

    "@dprint/linux-riscv64-glibc": ["@dprint/linux-riscv64-glibc@0.50.2", "", { "os": "linux", "cpu": "none" }, "sha512-QMmZoZYWsXezDcC03fBOwPfxhTpPEyHqutcgJ0oauN9QcSXGji9NSZITMmtLz2Ki3T1MIvdaLd1goGzNSvNqTQ=="],

    "@dprint/linux-x64-glibc": ["@dprint/linux-x64-glibc@0.50.2", "", { "os": "linux", "cpu": "x64" }, "sha512-KMeHEzb4teQJChTgq8HuQzc+reRNDnarOTGTQovAZ9WNjOtKLViftsKWW5HsnRHtP5nUIPE9rF1QLjJ/gUsqvw=="],

    "@dprint/linux-x64-musl": ["@dprint/linux-x64-musl@0.50.2", "", { "os": "linux", "cpu": "x64" }, "sha512-qM37T7H69g5coBTfE7SsA+KZZaRBky6gaUhPgAYxW+fOsoVtZSVkXtfTtQauHTpqqOEtbxfCtum70Hz1fr1teg=="],

    "@dprint/win32-arm64": ["@dprint/win32-arm64@0.50.2", "", { "os": "win32", "cpu": "arm64" }, "sha512-kuGVHGoxLwssVDsodefUIYQRoO2fQncurH/xKgXiZwMPOSzFcgUzYJQiyqmJEp+PENhO9VT1hXUHZtlyCAWBUQ=="],

    "@dprint/win32-x64": ["@dprint/win32-x64@0.50.2", "", { "os": "win32", "cpu": "x64" }, "sha512-N3l9k31c3IMfVXqL0L6ygIhJFvCIrfQ+Z5Jph6RnCcBO6oDYWeYhAv/qBk1vLsF2y/e79TKsR1tvaEwnrQ03XA=="],

    "@types/bun": ["@types/bun@1.3.1", "", { "dependencies": { "bun-types": "1.3.1" } }, "sha512-4jNMk2/K9YJtfqwoAa28c8wK+T7nvJFOjxI4h/7sORWcypRNxBpr+TPNaCfVWq70tLCJsqoFwcf0oI0JU/fvMQ=="],

    "@types/node": ["@types/node@24.9.2", "", { "dependencies": { "undici-types": "~7.16.0" } }, "sha512-uWN8YqxXxqFMX2RqGOrumsKeti4LlmIMIyV0lgut4jx7KQBcBiW6vkDtIBvHnHIquwNfJhk8v2OtmO8zXWHfPA=="],

    "@types/react": ["@types/react@19.2.2", "", { "dependencies": { "csstype": "^3.0.2" } }, "sha512-6mDvHUFSjyT2B2yeNx2nUgMxh9LtOWvkhIU3uePn2I2oyNymUAX1NIsdgviM4CH+JSrp2D2hsMvJOkxY+0wNRA=="],

    "bun-types": ["bun-types@1.3.1", "", { "dependencies": { "@types/node": "*" }, "peerDependencies": { "@types/react": "^19" } }, "sha512-NMrcy7smratanWJ2mMXdpatalovtxVggkj11bScuWuiOoXTiKIu2eVS1/7qbyI/4yHedtsn175n4Sm4JcdHLXw=="],

    "csstype": ["csstype@3.1.3", "", {}, "sha512-M1uQkMl8rQK/szD0LNhtqxIPLpimGm8sOBwU7lLnCpSbTyY3yeU1Vc7l4KT5zT4s/yOxHH5O7tIuuLOCnLADRw=="],

    "dprint": ["dprint@0.50.2", "", { "optionalDependencies": { "@dprint/darwin-arm64": "0.50.2", "@dprint/darwin-x64": "0.50.2", "@dprint/linux-arm64-glibc": "0.50.2", "@dprint/linux-arm64-musl": "0.50.2", "@dprint/linux-riscv64-glibc": "0.50.2", "@dprint/linux-x64-glibc": "0.50.2", "@dprint/linux-x64-musl": "0.50.2", "@dprint/win32-arm64": "0.50.2", "@dprint/win32-x64": "0.50.2" }, "bin": { "dprint": "bin.js" } }, "sha512-+0Fzg+17jsMMUouK00/Fara5YtGOuE76EAJINHB8VpkXHd0n00rMXtw/03qorOgz23eo8Y0UpYvNZBJJo3aNtw=="],

    "lefthook": ["lefthook@2.0.4", "", { "optionalDependencies": { "lefthook-darwin-arm64": "2.0.4", "lefthook-darwin-x64": "2.0.4", "lefthook-freebsd-arm64": "2.0.4", "lefthook-freebsd-x64": "2.0.4", "lefthook-linux-arm64": "2.0.4", "lefthook-linux-x64": "2.0.4", "lefthook-openbsd-arm64": "2.0.4", "lefthook-openbsd-x64": "2.0.4", "lefthook-windows-arm64": "2.0.4", "lefthook-windows-x64": "2.0.4" }, "bin": { "lefthook": "bin/index.js" } }, "sha512-GNCU2vQWM/UWjiEF23601aILi1aMbPke6viortH7wIO/oVGOCW0H6FdLez4XZDyqnHL9XkTnd0BBVrBbYVMLpA=="],

    "lefthook-darwin-arm64": ["lefthook-darwin-arm64@2.0.4", "", { "os": "darwin", "cpu": "arm64" }, "sha512-AR63/O5UkM7Sc6x5PhP4vTuztTYRBeBroXApeWGM/8e5uZyoQug/7KTh7xhbCMDf8WJv6vdFeXAQCPSmDyPU3Q=="],

    "lefthook-darwin-x64": ["lefthook-darwin-x64@2.0.4", "", { "os": "darwin", "cpu": "x64" }, "sha512-618DVUttSzV9egQiqTQoxGfnR240JoPWYmqRVHhiegnQKZ2lp5XJ+7NMxeRk/ih93VVOLzFO5ky3PbpxTmJgjQ=="],

    "lefthook-freebsd-arm64": ["lefthook-freebsd-arm64@2.0.4", "", { "os": "freebsd", "cpu": "arm64" }, "sha512-mTAQym1BK38fKglHBQ/0GXPznVC4LoStHO5lAI3ZxaEC0FQetqGHYFzhWbIH5sde9JhztE2rL/aBzMHDoAtzSw=="],

    "lefthook-freebsd-x64": ["lefthook-freebsd-x64@2.0.4", "", { "os": "freebsd", "cpu": "x64" }, "sha512-sy02aSxd8UMd6XmiPFVl/Em0b78jdZcDSsLwg+bweJQQk0l+vJhOfqFiG11mbnpo+EBIZmRe6OH5LkxeSU36+w=="],

    "lefthook-linux-arm64": ["lefthook-linux-arm64@2.0.4", "", { "os": "linux", "cpu": "arm64" }, "sha512-W0Nlr/Cz2QTH9n4k5zNrk3LSsg1C4wHiJi8hrAiQVTaAV/N1XrKqd0DevqQuouuapG6pw/6B1xCgiNPebv9oyw=="],

    "lefthook-linux-x64": ["lefthook-linux-x64@2.0.4", "", { "os": "linux", "cpu": "x64" }, "sha512-N6ySVCtB/DrOZ1ZgPL8WBZTgtoVHvcPKI+LV5wbcGrvA/dzDZFvniadrbDWZg7Tm705efiQzyENjwhhqNkwiww=="],

    "lefthook-openbsd-arm64": ["lefthook-openbsd-arm64@2.0.4", "", { "os": "openbsd", "cpu": "arm64" }, "sha512-VmOhJO3pYzZ/1C2WFXtL/n5pq4/eYOroqJJpwTJfmCHyw4ceLACu8MDyU5AMJhGMkbL8mPxGInJKxg5xhYgGRw=="],

    "lefthook-openbsd-x64": ["lefthook-openbsd-x64@2.0.4", "", { "os": "openbsd", "cpu": "x64" }, "sha512-U8MZz1xlHUdflkQQ2hkMQsei6fSZbs8tuE4EjCIHWnNdnAF4V8sZ6n1KbxsJcoZXPyBZqxZSMu1o/Ye8IAMVKg=="],

    "lefthook-windows-arm64": ["lefthook-windows-arm64@2.0.4", "", { "os": "win32", "cpu": "arm64" }, "sha512-543H3y2JAwNdvwUQ6nlNBG7rdKgoOUgzAa6pYcl6EoqicCRrjRmGhkJu7vUudkkrD2Wjm7tr9hU9poP2g5fRFQ=="],

    "lefthook-windows-x64": ["lefthook-windows-x64@2.0.4", "", { "os": "win32", "cpu": "x64" }, "sha512-UDEPK9RWKm60xsNOdS/DQOdFba0SFa4w3tpFMXK1AJzmRHhosoKrorXGhtTr6kcM0MGKOtYi8GHsm++ArZ9wvQ=="],

    "typescript": ["typescript@5.9.3", "", { "bin": { "tsc": "bin/tsc", "tsserver": "bin/tsserver" } }, "sha512-jl1vZzPDinLr9eUt3J/t7V6FgNEw9QjvBPdysz9KfQDD41fQrC2Y4vKQdiaUpFT4bXlb1RHhLpp8wtm6M5TgSw=="],

    "undici-types": ["undici-types@7.16.0", "", {}, "sha512-Zz+aZWSj8LE6zoxD+xrjh4VfkIG8Ya6LvYkZqtUQGJPZjYl53ypCaUwWqo7eI0x66KBGeRo+mlBEkMSeSZ38Nw=="],
  }
}
